
Microsoft Visual Studio Solution File, Format Version 12.00
# Visual Studio Version 16
VisualStudioVersion = 16.0.32126.315
MinimumVisualStudioVersion = 10.0.40219.1
Project("{FAE04EC0-301F-11D3-BF4B-00C04F79EFBC}") = "App6.Android", "App6\App6.Android\App6.Android.csproj", "{A1A45D9C-73D6-4E08-AB56-FB6C0592AF05}"
EndProject
Project("{FAE04EC0-301F-11D3-BF4B-00C04F79EFBC}") = "App6.iOS", "App6\App6.iOS\App6.iOS.csproj", "{395122DF-9D76-49B0-AD50-1B3E692B10E1}"
EndProject
Project("{FAE04EC0-301F-11D3-BF4B-00C04F79EFBC}") = "App6", "App6\App6\App6.csproj", "{348F8AC5-CCB3-4AD8-8F76-6D7619A7B7C9}"
EndProject
Global
	GlobalSection(SolutionConfigurationPlatforms) = preSolution
		Debug|Any CPU = Debug|Any CPU
		Debug|iPhone = Debug|iPhone
		Debug|iPhoneSimulator = Debug|iPhoneSimulator
		Release|Any CPU = Release|Any CPU
		Release|iPhone = Release|iPhone
		Release|iPhoneSimulator = Release|iPhoneSimulator
	EndGlobalSection
	GlobalSection(ProjectConfigurationPlatforms) = postSolution
		{A1A45D9C-73D6-4E08-AB56-FB6C0592AF05}.Debug|Any CPU.ActiveCfg = Debug|Any CPU
		{A1A45D9C-73D6-4E08-AB56-FB6C0592AF05}.Debug|Any CPU.Build.0 = Debug|Any CPU
		{A1A45D9C-73D6-4E08-AB56-FB6C0592AF05}.Debug|Any CPU.Deploy.0 = Debug|Any CPU
		{A1A45D9C-73D6-4E08-AB56-FB6C0592AF05}.Debug|iPhone.ActiveCfg = Debug|Any CPU
		{A1A45D9C-73D6-4E08-AB56-FB6C0592AF05}.Debug|iPhone.Build.0 = Debug|Any CPU
		{A1A45D9C-73D6-4E08-AB56-FB6C0592AF05}.Debug|iPhone.Deploy.0 = Debug|Any CPU
		{A1A45D9C-73D6-4E08-AB56-FB6C0592AF05}.Debug|iPhoneSimulator.ActiveCfg = Debug|Any CPU
		{A1A45D9C-73D6-4E08-AB56-FB6C0592AF05}.Debug|iPhoneSimulator.Build.0 = Debug|Any CPU
		{A1A45D9C-73D6-4E08-AB56-FB6C0592AF05}.Debug|iPhoneSimulator.Deploy.0 = Debug|Any CPU
		{A1A45D9C-73D6-4E08-AB56-FB6C0592AF05}.Release|Any CPU.ActiveCfg = Release|Any CPU
		{A1A45D9C-73D6-4E08-AB56-FB6C0592AF05}.Release|Any CPU.Build.0 = Release|Any CPU
		{A1A45D9C-73D6-4E08-AB56-FB6C0592AF05}.Release|Any CPU.Deploy.0 = Release|Any CPU
		{A1A45D9C-73D6-4E08-AB56-FB6C0592AF05}.Release|iPhone.ActiveCfg = Release|Any CPU
		{A1A45D9C-73D6-4E08-AB56-FB6C0592AF05}.Release|iPhone.Build.0 = Release|Any CPU
		{A1A45D9C-73D6-4E08-AB56-FB6C0592AF05}.Release|iPhone.Deploy.0 = Release|Any CPU
		{A1A45D9C-73D6-4E08-AB56-FB6C0592AF05}.Release|iPhoneSimulator.ActiveCfg = Release|Any CPU
		{A1A45D9C-73D6-4E08-AB56-FB6C0592AF05}.Release|iPhoneSimulator.Build.0 = Release|Any CPU
		{A1A45D9C-73D6-4E08-AB56-FB6C0592AF05}.Release|iPhoneSimulator.Deploy.0 = Release|Any CPU
		{395122DF-9D76-49B0-AD50-1B3E692B10E1}.Debug|Any CPU.ActiveCfg = Debug|iPhone
		{395122DF-9D76-49B0-AD50-1B3E692B10E1}.Debug|Any CPU.Build.0 = Debug|iPhone
		{395122DF-9D76-49B0-AD50-1B3E692B10E1}.Debug|Any CPU.Deploy.0 = Debug|iPhone
		{395122DF-9D76-49B0-AD50-1B3E692B10E1}.Debug|iPhone.ActiveCfg = Debug|iPhone
		{395122DF-9D76-49B0-AD50-1B3E692B10E1}.Debug|iPhone.Build.0 = Debug|iPhone
		{395122DF-9D76-49B0-AD50-1B3E692B10E1}.Debug|iPhone.Deploy.0 = Debug|iPhone
		{395122DF-9D76-49B0-AD50-1B3E692B10E1}.Debug|iPhoneSimulator.ActiveCfg = Debug|iPhoneSimulator
		{395122DF-9D76-49B0-AD50-1B3E692B10E1}.Debug|iPhoneSimulator.Build.0 = Debug|iPhoneSimulator
		{395122DF-9D76-49B0-AD50-1B3E692B10E1}.Debug|iPhoneSimulator.Deploy.0 = Debug|iPhoneSimulator
		{395122DF-9D76-49B0-AD50-1B3E692B10E1}.Release|Any CPU.ActiveCfg = Release|iPhoneSimulator
		{395122DF-9D76-49B0-AD50-1B3E692B10E1}.Release|Any CPU.Build.0 = Release|iPhoneSimulator
		{395122DF-9D76-49B0-AD50-1B3E692B10E1}.Release|Any CPU.Deploy.0 = Release|iPhoneSimulator
		{395122DF-9D76-49B0-AD50-1B3E692B10E1}.Release|iPhone.ActiveCfg = Release|iPhone
		{395122DF-9D76-49B0-AD50-1B3E692B10E1}.Release|iPhone.Build.0 = Release|iPhone
		{395122DF-9D76-49B0-AD50-1B3E692B10E1}.Release|iPhone.Deploy.0 = Release|iPhone
		{395122DF-9D76-49B0-AD50-1B3E692B10E1}.Release|iPhoneSimulator.ActiveCfg = Release|iPhoneSimulator
		{395122DF-9D76-49B0-AD50-1B3E692B10E1}.Release|iPhoneSimulator.Build.0 = Release|iPhoneSimulator
		{395122DF-9D76-49B0-AD50-1B3E692B10E1}.Release|iPhoneSimulator.Deploy.0 = Release|iPhoneSimulator
		{348F8AC5-CCB3-4AD8-8F76-6D7619A7B7C9}.Debug|Any CPU.ActiveCfg = Debug|Any CPU
		{348F8AC5-CCB3-4AD8-8F76-6D7619A7B7C9}.Debug|Any CPU.Build.0 = Debug|Any CPU
		{348F8AC5-CCB3-4AD8-8F76-6D7619A7B7C9}.Debug|Any CPU.Deploy.0 = Debug|Any CPU
		{348F8AC5-CCB3-4AD8-8F76-6D7619A7B7C9}.Debug|iPhone.ActiveCfg = Debug|Any CPU
		{348F8AC5-CCB3-4AD8-8F76-6D7619A7B7C9}.Debug|iPhone.Build.0 = Debug|Any CPU
		{348F8AC5-CCB3-4AD8-8F76-6D7619A7B7C9}.Debug|iPhone.Deploy.0 = Debug|Any CPU
		{348F8AC5-CCB3-4AD8-8F76-6D7619A7B7C9}.Debug|iPhoneSimulator.ActiveCfg = Debug|Any CPU
		{348F8AC5-CCB3-4AD8-8F76-6D7619A7B7C9}.Debug|iPhoneSimulator.Build.0 = Debug|Any CPU
		{348F8AC5-CCB3-4AD8-8F76-6D7619A7B7C9}.Debug|iPhoneSimulator.Deploy.0 = Debug|Any CPU
		{348F8AC5-CCB3-4AD8-8F76-6D7619A7B7C9}.Release|Any CPU.ActiveCfg = Release|Any CPU
		{348F8AC5-CCB3-4AD8-8F76-6D7619A7B7C9}.Release|Any CPU.Build.0 = Release|Any CPU
		{348F8AC5-CCB3-4AD8-8F76-6D7619A7B7C9}.Release|Any CPU.Deploy.0 = Release|Any CPU
		{348F8AC5-CCB3-4AD8-8F76-6D7619A7B7C9}.Release|iPhone.ActiveCfg = Release|Any CPU
		{348F8AC5-CCB3-4AD8-8F76-6D7619A7B7C9}.Release|iPhone.Build.0 = Release|Any CPU
		{348F8AC5-CCB3-4AD8-8F76-6D7619A7B7C9}.Release|iPhone.Deploy.0 = Release|Any CPU
		{348F8AC5-CCB3-4AD8-8F76-6D7619A7B7C9}.Release|iPhoneSimulator.ActiveCfg = Release|Any CPU
		{348F8AC5-CCB3-4AD8-8F76-6D7619A7B7C9}.Release|iPhoneSimulator.Build.0 = Release|Any CPU
		{348F8AC5-CCB3-4AD8-8F76-6D7619A7B7C9}.Release|iPhoneSimulator.Deploy.0 = Release|Any CPU
	EndGlobalSection
	GlobalSection(SolutionProperties) = preSolution
		HideSolutionNode = FALSE
	EndGlobalSection
	GlobalSection(ExtensibilityGlobals) = postSolution
		SolutionGuid = {E1004728-05D5-4C6F-A5D5-B6CBECC35FF4}
	EndGlobalSection
EndGlobal
